
Microsoft Visual Studio Solution File, Format Version 12.00
# Visual Studio Version 17
VisualStudioVersion = 17.5.33530.505
MinimumVisualStudioVersion = 10.0.40219.1
Project("{FAE04EC0-301F-11D3-BF4B-00C04F79EFBC}") = "DoctorAPI", "DoctorAPI\DoctorAPI.csproj", "{250A5982-62D7-4FEF-A232-A8286A819545}"
EndProject
Project("{FAE04EC0-301F-11D3-BF4B-00C04F79EFBC}") = "PatientAPI", "PatientAPI\PatientAPI.csproj", "{F5F5036B-38E2-4224-9C01-7A54B7C7A940}"
EndProject
Project("{FAE04EC0-301F-11D3-BF4B-00C04F79EFBC}") = "AdminAPI", "AdminAPI\AdminAPI.csproj", "{787CC148-8162-47B9-A328-5BB8BB74DFC8}"
EndProject
Global
	GlobalSection(SolutionConfigurationPlatforms) = preSolution
		Debug|Any CPU = Debug|Any CPU
		Release|Any CPU = Release|Any CPU
	EndGlobalSection
	GlobalSection(ProjectConfigurationPlatforms) = postSolution
		{250A5982-62D7-4FEF-A232-A8286A819545}.Debug|Any CPU.ActiveCfg = Debug|Any CPU
		{250A5982-62D7-4FEF-A232-A8286A819545}.Debug|Any CPU.Build.0 = Debug|Any CPU
		{250A5982-62D7-4FEF-A232-A8286A819545}.Release|Any CPU.ActiveCfg = Release|Any CPU
		{250A5982-62D7-4FEF-A232-A8286A819545}.Release|Any CPU.Build.0 = Release|Any CPU
		{F5F5036B-38E2-4224-9C01-7A54B7C7A940}.Debug|Any CPU.ActiveCfg = Debug|Any CPU
		{F5F5036B-38E2-4224-9C01-7A54B7C7A940}.Debug|Any CPU.Build.0 = Debug|Any CPU
		{F5F5036B-38E2-4224-9C01-7A54B7C7A940}.Release|Any CPU.ActiveCfg = Release|Any CPU
		{F5F5036B-38E2-4224-9C01-7A54B7C7A940}.Release|Any CPU.Build.0 = Release|Any CPU
		{787CC148-8162-47B9-A328-5BB8BB74DFC8}.Debug|Any CPU.ActiveCfg = Debug|Any CPU
		{787CC148-8162-47B9-A328-5BB8BB74DFC8}.Debug|Any CPU.Build.0 = Debug|Any CPU
		{787CC148-8162-47B9-A328-5BB8BB74DFC8}.Release|Any CPU.ActiveCfg = Release|Any CPU
		{787CC148-8162-47B9-A328-5BB8BB74DFC8}.Release|Any CPU.Build.0 = Release|Any CPU
	EndGlobalSection
	GlobalSection(SolutionProperties) = preSolution
		HideSolutionNode = FALSE
	EndGlobalSection
	GlobalSection(ExtensibilityGlobals) = postSolution
		SolutionGuid = {39CD91FC-DCE0-4053-BE8D-CA50E3EF45CC}
	EndGlobalSection
EndGlobal
